
Microsoft Visual Studio Solution File, Format Version 12.00
# Visual Studio 15
VisualStudioVersion = 15.0.26228.4
MinimumVisualStudioVersion = 10.0.40219.1
Project("{2150E333-8FDC-42A3-9474-1A3956D46DE8}") = "Solution Items", "Solution Items", "{B61EAF36-A3F0-4EE1-B0DD-3CD1CEB5A1C4}"
	ProjectSection(SolutionItems) = preProject
		API.txt = API.txt
		Debug.txt = Debug.txt
		HeightLight.txt = HeightLight.txt
	EndProjectSection
EndProject
Project("{2150E333-8FDC-42A3-9474-1A3956D46DE8}") = "01.变量", "01.变量", "{99DBBD61-1CBE-4BA4-966F-773DD03D0E34}"
	ProjectSection(SolutionItems) = preProject
		variable.vbs = variable.vbs
	EndProjectSection
EndProject
Project("{2150E333-8FDC-42A3-9474-1A3956D46DE8}") = "02.分支", "02.分支", "{58407516-CFF1-497F-B8D2-594E7DCE563A}"
EndProject
Project("{2150E333-8FDC-42A3-9474-1A3956D46DE8}") = "03.循环", "03.循环", "{0CFB4B2B-B0E0-4211-A54B-85D9173F9A02}"
EndProject
Project("{2150E333-8FDC-42A3-9474-1A3956D46DE8}") = "04.方法（函数）", "04.方法（函数）", "{C6582C2F-F392-4A82-86F3-9BD39B575F0A}"
	ProjectSection(SolutionItems) = preProject
		function.vbs = function.vbs
		Sub.vbs = Sub.vbs
	EndProjectSection
EndProject
Project("{2150E333-8FDC-42A3-9474-1A3956D46DE8}") = "05类", "05类", "{2E3C2068-7686-4B0F-9280-A012D5A42624}"
	ProjectSection(SolutionItems) = preProject
		class.vbs = class.vbs
	EndProjectSection
EndProject
Project("{2150E333-8FDC-42A3-9474-1A3956D46DE8}") = "06应用", "06应用", "{38EA9E00-85BD-4B73-8A38-896ED0D4EFA6}"
EndProject
Project("{2150E333-8FDC-42A3-9474-1A3956D46DE8}") = "access", "access", "{3D7E5D2A-2889-404C-BC34-1BBB141EC64F}"
	ProjectSection(SolutionItems) = preProject
		连接access\1.dsn = 连接access\1.dsn
		连接access\access2016.vbs = 连接access\access2016.vbs
		连接access\Database1.mdb = 连接access\Database1.mdb
	EndProjectSection
EndProject
Global
	GlobalSection(SolutionProperties) = preSolution
		HideSolutionNode = FALSE
	EndGlobalSection
	GlobalSection(NestedProjects) = preSolution
		{99DBBD61-1CBE-4BA4-966F-773DD03D0E34} = {B61EAF36-A3F0-4EE1-B0DD-3CD1CEB5A1C4}
		{58407516-CFF1-497F-B8D2-594E7DCE563A} = {B61EAF36-A3F0-4EE1-B0DD-3CD1CEB5A1C4}
		{0CFB4B2B-B0E0-4211-A54B-85D9173F9A02} = {B61EAF36-A3F0-4EE1-B0DD-3CD1CEB5A1C4}
		{C6582C2F-F392-4A82-86F3-9BD39B575F0A} = {B61EAF36-A3F0-4EE1-B0DD-3CD1CEB5A1C4}
		{2E3C2068-7686-4B0F-9280-A012D5A42624} = {B61EAF36-A3F0-4EE1-B0DD-3CD1CEB5A1C4}
		{38EA9E00-85BD-4B73-8A38-896ED0D4EFA6} = {B61EAF36-A3F0-4EE1-B0DD-3CD1CEB5A1C4}
		{3D7E5D2A-2889-404C-BC34-1BBB141EC64F} = {38EA9E00-85BD-4B73-8A38-896ED0D4EFA6}
	EndGlobalSection
EndGlobal
